#MicroXplorer Configuration settings - do not modify
ADC1.Channel-2\#ChannelRegularConversion=ADC_CHANNEL_14
ADC1.CommonPathInternal=null|null|null|null
ADC1.EnableInjectedConversion=ENABLE
ADC1.ExternalTrigConv=ADC_EXTERNALTRIG_T1_TRGO
ADC1.ExternalTrigInjecConv=ADC_EXTERNALTRIGINJEC_T1_TRGO
ADC1.IPParameters=Rank-2\#ChannelRegularConversion,Channel-2\#ChannelRegularConversion,SamplingTime-2\#ChannelRegularConversion,OffsetNumber-2\#ChannelRegularConversion,NbrOfConversionFlag,EnableInjectedConversion,InjectedRank-4\#ChannelInjectedConversion,InjectedChannel-4\#ChannelInjectedConversion,InjectedSamplingTime-4\#ChannelInjectedConversion,InjectedOffsetNumber-4\#ChannelInjectedConversion,InjNumberOfConversion,ExternalTrigInjecConv,Overrun,master,ExternalTrigConv,CommonPathInternal
ADC1.InjNumberOfConversion=1
ADC1.InjectedChannel-4\#ChannelInjectedConversion=ADC_CHANNEL_3
ADC1.InjectedOffsetNumber-4\#ChannelInjectedConversion=ADC_OFFSET_NONE
ADC1.InjectedRank-4\#ChannelInjectedConversion=1
ADC1.InjectedSamplingTime-4\#ChannelInjectedConversion=ADC_SAMPLETIME_2CYCLES_5
ADC1.NbrOfConversionFlag=1
ADC1.OffsetNumber-2\#ChannelRegularConversion=ADC_OFFSET_NONE
ADC1.Overrun=ADC_OVR_DATA_OVERWRITTEN
ADC1.Rank-2\#ChannelRegularConversion=1
ADC1.SamplingTime-2\#ChannelRegularConversion=ADC_SAMPLETIME_2CYCLES_5
ADC1.master=1
ADC2.Channel-4\#ChannelRegularConversion=ADC_CHANNEL_2
ADC2.CommonPathInternal=null|null|null|null
ADC2.EnableInjectedConversion=ENABLE
ADC2.ExternalTrigConv=ADC_EXTERNALTRIG_T8_TRGO
ADC2.ExternalTrigInjecConv=ADC_EXTERNALTRIGINJEC_T1_TRGO
ADC2.IPParameters=Rank-4\#ChannelRegularConversion,Channel-4\#ChannelRegularConversion,SamplingTime-4\#ChannelRegularConversion,OffsetNumber-4\#ChannelRegularConversion,NbrOfConversionFlag,EnableInjectedConversion,InjectedRank-5\#ChannelInjectedConversion,InjectedChannel-5\#ChannelInjectedConversion,Rank1_Channel,InjectedSamplingTime-5\#ChannelInjectedConversion,InjectedOffsetNumber-5\#ChannelInjectedConversion,InjNumberOfConversion,ExternalTrigInjecConv,ExternalTrigConv,Overrun,CommonPathInternal
ADC2.InjNumberOfConversion=1
ADC2.InjectedChannel-5\#ChannelInjectedConversion=ADC_CHANNEL_1
ADC2.InjectedOffsetNumber-5\#ChannelInjectedConversion=ADC_OFFSET_NONE
ADC2.InjectedRank-5\#ChannelInjectedConversion=1
ADC2.InjectedSamplingTime-5\#ChannelInjectedConversion=ADC_SAMPLETIME_2CYCLES_5
ADC2.NbrOfConversionFlag=1
ADC2.OffsetNumber-4\#ChannelRegularConversion=ADC_OFFSET_NONE
ADC2.Overrun=ADC_OVR_DATA_OVERWRITTEN
ADC2.Rank-4\#ChannelRegularConversion=1
ADC2.Rank1_Channel=ADC_CHANNEL_1
ADC2.SamplingTime-4\#ChannelRegularConversion=ADC_SAMPLETIME_2CYCLES_5
ADC3.Channel-7\#ChannelRegularConversion=ADC_CHANNEL_1
ADC3.CommonPathInternal=null|null|null|null
ADC3.EnableInjectedConversion=ENABLE
ADC3.ExternalTrigConv=ADC_EXTERNALTRIG_T8_TRGO
ADC3.ExternalTrigInjecConv=ADC_EXTERNALTRIGINJEC_T1_TRGO
ADC3.IPParameters=Rank-7\#ChannelRegularConversion,Channel-7\#ChannelRegularConversion,SamplingTime-7\#ChannelRegularConversion,OffsetNumber-7\#ChannelRegularConversion,NbrOfConversionFlag,master,ExternalTrigConv,EnableInjectedConversion,InjectedRank-8\#ChannelInjectedConversion,InjectedChannel-8\#ChannelInjectedConversion,Rank1_Channel,InjectedSamplingTime-8\#ChannelInjectedConversion,InjectedOffsetNumber-8\#ChannelInjectedConversion,InjNumberOfConversion,ExternalTrigInjecConv,Overrun,CommonPathInternal
ADC3.InjNumberOfConversion=1
ADC3.InjectedChannel-8\#ChannelInjectedConversion=ADC_CHANNEL_12
ADC3.InjectedOffsetNumber-8\#ChannelInjectedConversion=ADC_OFFSET_NONE
ADC3.InjectedRank-8\#ChannelInjectedConversion=1
ADC3.InjectedSamplingTime-8\#ChannelInjectedConversion=ADC_SAMPLETIME_2CYCLES_5
ADC3.NbrOfConversionFlag=1
ADC3.OffsetNumber-7\#ChannelRegularConversion=ADC_OFFSET_NONE
ADC3.Overrun=ADC_OVR_DATA_OVERWRITTEN
ADC3.Rank-7\#ChannelRegularConversion=1
ADC3.Rank1_Channel=ADC_CHANNEL_12
ADC3.SamplingTime-7\#ChannelRegularConversion=ADC_SAMPLETIME_2CYCLES_5
ADC3.master=1
CAD.formats=[]
CAD.pinconfig=Dual
CAD.provider=Component Search Engine
CRC.CRCLength=CRC_POLYLENGTH_16B
CRC.DefaultInitValueUse=DEFAULT_INIT_VALUE_DISABLE
CRC.DefaultPolynomialUse=DEFAULT_POLYNOMIAL_DISABLE
CRC.GeneratingPolynomial=X15+X2+X0
CRC.IPParameters=DefaultPolynomialUse,CRCLength,DefaultInitValueUse,InputDataFormat,GeneratingPolynomial
CRC.InputDataFormat=CRC_INPUTDATA_FORMAT_HALFWORDS
Dma.Request0=SPI1_RX
Dma.Request1=SPI1_TX
Dma.RequestsNb=2
Dma.SPI1_RX.0.Direction=DMA_PERIPH_TO_MEMORY
Dma.SPI1_RX.0.EventEnable=DISABLE
Dma.SPI1_RX.0.Instance=DMA1_Channel1
Dma.SPI1_RX.0.MemDataAlignment=DMA_MDATAALIGN_HALFWORD
Dma.SPI1_RX.0.MemInc=DMA_MINC_ENABLE
Dma.SPI1_RX.0.Mode=DMA_NORMAL
Dma.SPI1_RX.0.PeriphDataAlignment=DMA_PDATAALIGN_HALFWORD
Dma.SPI1_RX.0.PeriphInc=DMA_PINC_DISABLE
Dma.SPI1_RX.0.Polarity=HAL_DMAMUX_REQ_GEN_RISING
Dma.SPI1_RX.0.Priority=DMA_PRIORITY_MEDIUM
Dma.SPI1_RX.0.RequestNumber=1
Dma.SPI1_RX.0.RequestParameters=Instance,Direction,PeriphInc,MemInc,PeriphDataAlignment,MemDataAlignment,Mode,Priority,SignalID,Polarity,RequestNumber,SyncSignalID,SyncPolarity,SyncEnable,EventEnable,SyncRequestNumber
Dma.SPI1_RX.0.SignalID=NONE
Dma.SPI1_RX.0.SyncEnable=DISABLE
Dma.SPI1_RX.0.SyncPolarity=HAL_DMAMUX_SYNC_NO_EVENT
Dma.SPI1_RX.0.SyncRequestNumber=1
Dma.SPI1_RX.0.SyncSignalID=NONE
Dma.SPI1_TX.1.Direction=DMA_MEMORY_TO_PERIPH
Dma.SPI1_TX.1.EventEnable=DISABLE
Dma.SPI1_TX.1.Instance=DMA1_Channel2
Dma.SPI1_TX.1.MemDataAlignment=DMA_MDATAALIGN_HALFWORD
Dma.SPI1_TX.1.MemInc=DMA_MINC_ENABLE
Dma.SPI1_TX.1.Mode=DMA_NORMAL
Dma.SPI1_TX.1.PeriphDataAlignment=DMA_PDATAALIGN_HALFWORD
Dma.SPI1_TX.1.PeriphInc=DMA_PINC_DISABLE
Dma.SPI1_TX.1.Polarity=HAL_DMAMUX_REQ_GEN_RISING
Dma.SPI1_TX.1.Priority=DMA_PRIORITY_MEDIUM
Dma.SPI1_TX.1.RequestNumber=1
Dma.SPI1_TX.1.RequestParameters=Instance,Direction,PeriphInc,MemInc,PeriphDataAlignment,MemDataAlignment,Mode,Priority,SignalID,Polarity,RequestNumber,SyncSignalID,SyncPolarity,SyncEnable,EventEnable,SyncRequestNumber
Dma.SPI1_TX.1.SignalID=NONE
Dma.SPI1_TX.1.SyncEnable=DISABLE
Dma.SPI1_TX.1.SyncPolarity=HAL_DMAMUX_SYNC_NO_EVENT
Dma.SPI1_TX.1.SyncRequestNumber=1
Dma.SPI1_TX.1.SyncSignalID=NONE
FDCAN1.CalculateBaudRateNominal=1000000
FDCAN1.CalculateTimeBitNominal=1000
FDCAN1.CalculateTimeQuantumNominal=100.0
FDCAN1.IPParameters=CalculateTimeQuantumNominal,CalculateTimeBitNominal,CalculateBaudRateNominal,NominalPrescaler,NominalTimeSeg1,NominalTimeSeg2,StdFiltersNbr
FDCAN1.NominalPrescaler=17
FDCAN1.NominalTimeSeg1=6
FDCAN1.NominalTimeSeg2=3
FDCAN1.StdFiltersNbr=28
FDCAN2.AutoRetransmission=DISABLE
FDCAN2.CalculateBaudRateNominal=1000000
FDCAN2.CalculateTimeBitNominal=1000
FDCAN2.CalculateTimeQuantumNominal=100.0
FDCAN2.IPParameters=CalculateTimeQuantumNominal,CalculateTimeBitNominal,CalculateBaudRateNominal,NominalPrescaler,NominalTimeSeg1,NominalTimeSeg2,AutoRetransmission
FDCAN2.NominalPrescaler=17
FDCAN2.NominalTimeSeg1=6
FDCAN2.NominalTimeSeg2=3
FREERTOS.INCLUDE_uxTaskGetStackHighWaterMark=1
FREERTOS.INCLUDE_vTaskDelayUntil=1
FREERTOS.IPParameters=Tasks01,configTOTAL_HEAP_SIZE,configUSE_IDLE_HOOK,configCHECK_FOR_STACK_OVERFLOW,configENABLE_FPU,INCLUDE_vTaskDelayUntil,INCLUDE_uxTaskGetStackHighWaterMark
FREERTOS.Tasks01=defaultTask,0,128,StartDefaultTask,Default,NULL,Dynamic,NULL,NULL
FREERTOS.configCHECK_FOR_STACK_OVERFLOW=1
FREERTOS.configENABLE_FPU=1
FREERTOS.configTOTAL_HEAP_SIZE=32768
FREERTOS.configUSE_IDLE_HOOK=1
File.Version=6
GPIO.groupedBy=Group By Peripherals
KeepUserPlacement=false
Mcu.CPN=STM32G474CET3
Mcu.Family=STM32G4
Mcu.IP0=ADC1
Mcu.IP1=ADC2
Mcu.IP10=RCC
Mcu.IP11=SPI1
Mcu.IP12=SYS
Mcu.IP13=TIM1
Mcu.IP14=TIM2
Mcu.IP15=TIM8
Mcu.IP16=TIM16
Mcu.IP2=ADC3
Mcu.IP3=CORDIC
Mcu.IP4=CRC
Mcu.IP5=DMA
Mcu.IP6=FDCAN1
Mcu.IP7=FDCAN2
Mcu.IP8=FREERTOS
Mcu.IP9=NVIC
Mcu.IPNb=17
Mcu.Name=STM32G474C(B-C-E)Tx
Mcu.Package=LQFP48
Mcu.Pin0=PC13
Mcu.Pin1=PC14-OSC32_IN
Mcu.Pin10=PA5
Mcu.Pin11=PA6
Mcu.Pin12=PA7
Mcu.Pin13=PB0
Mcu.Pin14=PB1
Mcu.Pin15=PB2
Mcu.Pin16=PB10
Mcu.Pin17=PB11
Mcu.Pin18=PB12
Mcu.Pin19=PB13
Mcu.Pin2=PC15-OSC32_OUT
Mcu.Pin20=PB14
Mcu.Pin21=PB15
Mcu.Pin22=PA8
Mcu.Pin23=PA9
Mcu.Pin24=PA10
Mcu.Pin25=PA11
Mcu.Pin26=PA12
Mcu.Pin27=PA13
Mcu.Pin28=PA14
Mcu.Pin29=PA15
Mcu.Pin3=PF0-OSC_IN
Mcu.Pin30=PB3
Mcu.Pin31=PB4
Mcu.Pin32=PB5
Mcu.Pin33=PB6
Mcu.Pin34=PB7
Mcu.Pin35=PB8-BOOT0
Mcu.Pin36=PB9
Mcu.Pin37=VP_CORDIC_VS_CORDIC
Mcu.Pin38=VP_CRC_VS_CRC
Mcu.Pin39=VP_FREERTOS_VS_CMSIS_V1
Mcu.Pin4=PF1-OSC_OUT
Mcu.Pin40=VP_SYS_VS_tim17
Mcu.Pin41=VP_SYS_VS_DBSignals
Mcu.Pin42=VP_TIM1_VS_ClockSourceINT
Mcu.Pin43=VP_TIM2_VS_ClockSourceINT
Mcu.Pin44=VP_TIM8_VS_ClockSourceINT
Mcu.Pin45=VP_TIM16_VS_ClockSourceINT
Mcu.Pin5=PA0
Mcu.Pin6=PA1
Mcu.Pin7=PA2
Mcu.Pin8=PA3
Mcu.Pin9=PA4
Mcu.PinsNb=46
Mcu.ThirdPartyNb=0
Mcu.UserConstants=TIM_1_8_PERIOD_CLOCKS,6800;TIM_APB1_CLOCK_HZ,170000000;TIM_APB2_CLOCK_HZ,170000000;TIM_1_8_RCR,2;TIM_1_8_DEADTIME_CLOCKS,40;TIM_1_8_CLOCK_HZ,170000000;TIM_2_PERIOD_CLOCKS,4096
Mcu.UserName=STM32G474CETx
MxCube.Version=6.17.0
MxDb.Version=DB.6.0.170
NVIC.BusFault_IRQn=true\:0\:0\:false\:false\:true\:false\:false\:false\:false
NVIC.DMA1_Channel1_IRQn=true\:5\:0\:false\:false\:true\:true\:false\:true\:true
NVIC.DMA1_Channel2_IRQn=true\:5\:0\:false\:false\:true\:true\:false\:true\:true
NVIC.DebugMonitor_IRQn=true\:0\:0\:false\:false\:true\:false\:false\:false\:false
NVIC.FDCAN1_IT0_IRQn=true\:5\:0\:false\:false\:true\:true\:true\:true\:true
NVIC.FDCAN1_IT1_IRQn=true\:5\:0\:false\:false\:true\:true\:true\:true\:true
NVIC.FDCAN2_IT0_IRQn=true\:5\:0\:false\:false\:true\:true\:true\:true\:true
NVIC.FDCAN2_IT1_IRQn=true\:5\:0\:false\:false\:true\:true\:true\:true\:true
NVIC.ForceEnableDMAVector=true
NVIC.HardFault_IRQn=true\:0\:0\:false\:false\:true\:false\:false\:false\:false
NVIC.MemoryManagement_IRQn=true\:0\:0\:false\:false\:true\:false\:false\:false\:false
NVIC.NonMaskableInt_IRQn=true\:0\:0\:false\:false\:true\:false\:false\:true\:false
NVIC.PendSV_IRQn=true\:15\:0\:false\:false\:false\:true\:false\:false\:false
NVIC.PriorityGroup=NVIC_PRIORITYGROUP_4
NVIC.SPI1_IRQn=true\:5\:0\:false\:false\:true\:true\:true\:true\:true
NVIC.SVCall_IRQn=true\:0\:0\:false\:false\:false\:false\:false\:false\:false
NVIC.SavedPendsvIrqHandlerGenerated=true
NVIC.SavedSvcallIrqHandlerGenerated=true
NVIC.SavedSystickIrqHandlerGenerated=true
NVIC.SysTick_IRQn=true\:15\:0\:false\:false\:false\:true\:false\:true\:false
NVIC.TIM1_TRG_COM_TIM17_IRQn=true\:15\:0\:false\:false\:true\:false\:false\:true\:true
NVIC.TimeBase=TIM1_TRG_COM_TIM17_IRQn
NVIC.TimeBaseIP=TIM17
NVIC.UsageFault_IRQn=true\:0\:0\:false\:false\:true\:false\:false\:false\:false
PA0.Mode=IN1-Single-Ended
PA0.Signal=ADC2_IN1
PA1.Mode=IN2-Single-Ended
PA1.Signal=ADC2_IN2
PA10.Signal=S_TIM1_CH3
PA11.Mode=FDCAN_Activate
PA11.Signal=FDCAN1_RX
PA12.Mode=FDCAN_Activate
PA12.Signal=FDCAN1_TX
PA13.Mode=Serial_Wire
PA13.Signal=SYS_JTMS-SWDIO
PA14.Mode=Serial_Wire
PA14.Signal=SYS_JTCK-SWCLK
PA15.Signal=S_TIM8_CH1
PA2.Mode=IN3-Single-Ended
PA2.Signal=ADC1_IN3
PA3.GPIOParameters=GPIO_Speed,PinState,GPIO_PuPd
PA3.GPIO_PuPd=GPIO_PULLUP
PA3.GPIO_Speed=GPIO_SPEED_FREQ_MEDIUM
PA3.Locked=true
PA3.PinState=GPIO_PIN_SET
PA3.Signal=GPIO_Output
PA4.GPIOParameters=GPIO_Speed,PinState,GPIO_PuPd
PA4.GPIO_PuPd=GPIO_PULLUP
PA4.GPIO_Speed=GPIO_SPEED_FREQ_MEDIUM
PA4.Locked=true
PA4.PinState=GPIO_PIN_SET
PA4.Signal=GPIO_Output
PA5.Mode=Full_Duplex_Master
PA5.Signal=SPI1_SCK
PA6.Mode=Full_Duplex_Master
PA6.Signal=SPI1_MISO
PA7.Mode=Full_Duplex_Master
PA7.Signal=SPI1_MOSI
PA8.Signal=S_TIM1_CH1
PA9.Signal=S_TIM1_CH2
PB0.Mode=IN12-Single-Ended
PB0.Signal=ADC3_IN12
PB1.Mode=IN1-Single-Ended
PB1.Signal=ADC3_IN1
PB10.Locked=true
PB10.Signal=GPIO_Input
PB11.Locked=true
PB11.Mode=IN14-Single-Ended
PB11.Signal=ADC1_IN14
PB12.GPIOParameters=GPIO_Speed
PB12.GPIO_Speed=GPIO_SPEED_FREQ_VERY_HIGH
PB12.Mode=FDCAN_Activate
PB12.Signal=FDCAN2_RX
PB13.GPIOParameters=GPIO_Speed
PB13.GPIO_Speed=GPIO_SPEED_FREQ_VERY_HIGH
PB13.Mode=FDCAN_Activate
PB13.Signal=FDCAN2_TX
PB14.Mode=PWM Generation2 CH2 CH2N
PB14.Signal=TIM1_CH2N
PB15.Mode=PWM Generation3 CH3 CH3N
PB15.Signal=TIM1_CH3N
PB2.Locked=true
PB2.Signal=GPIO_Input
PB3.Mode=PWM Generation1 CH1 CH1N
PB3.Signal=TIM8_CH1N
PB4.Mode=PWM Generation2 CH2 CH2N
PB4.Signal=TIM8_CH2N
PB5.Mode=PWM Generation3 CH3 CH3N
PB5.Signal=TIM8_CH3N
PB6.Locked=true
PB6.Signal=GPIO_Input
PB7.Locked=true
PB7.Signal=GPIO_Input
PB8-BOOT0.Signal=S_TIM8_CH2
PB9.Signal=S_TIM8_CH3
PC13.Mode=PWM Generation1 CH1 CH1N
PC13.Signal=TIM1_CH1N
PC14-OSC32_IN.Locked=true
PC14-OSC32_IN.Signal=GPIO_Input
PC15-OSC32_OUT.Locked=true
PC15-OSC32_OUT.Signal=GPIO_Input
PF0-OSC_IN.Mode=HSE-External-Oscillator
PF0-OSC_IN.Signal=RCC_OSC_IN
PF1-OSC_OUT.Mode=HSE-External-Oscillator
PF1-OSC_OUT.Signal=RCC_OSC_OUT
PinOutPanel.RotationAngle=0
ProjectManager.AskForMigrate=true
ProjectManager.BackupPrevious=false
ProjectManager.CompilerLinker=GCC
ProjectManager.CompilerOptimize=6
ProjectManager.ComputerToolchain=false
ProjectManager.CoupleFile=true
ProjectManager.CustomerFirmwarePackage=
ProjectManager.DefaultFWLocation=true
ProjectManager.DeletePrevious=true
ProjectManager.DeviceId=STM32G474CETx
ProjectManager.FirmwarePackage=STM32Cube FW_G4 V1.6.3
ProjectManager.FreePins=false
ProjectManager.FreePinsContext=
ProjectManager.HalAssertFull=false
ProjectManager.HeapSize=0x3C00
ProjectManager.KeepUserCode=true
ProjectManager.LastFirmware=true
ProjectManager.LibraryCopy=0
ProjectManager.MainLocation=Core/Src
ProjectManager.NoMain=true
ProjectManager.PreviousToolchain=
ProjectManager.ProjectBuild=false
ProjectManager.ProjectFileName=zfoc_g4_2.ioc
ProjectManager.ProjectName=zfoc_g4_2
ProjectManager.ProjectStructure=
ProjectManager.RegisterCallBack=
ProjectManager.StackSize=0x2000
ProjectManager.TargetToolchain=Makefile
ProjectManager.ToolChainLocation=
ProjectManager.UAScriptAfterPath=
ProjectManager.UAScriptBeforePath=
ProjectManager.UnderRoot=false
ProjectManager.functionlistsort=1-SystemClock_Config-RCC-false-HAL-false,2-MX_GPIO_Init-GPIO-false-HAL-true,3-MX_DMA_Init-DMA-false-HAL-true,4-MX_CORDIC_Init-CORDIC-false-HAL-true,5-MX_CRC_Init-CRC-false-HAL-true,6-MX_FDCAN2_Init-FDCAN2-false-HAL-true,7-MX_TIM1_Init-TIM1-false-HAL-true,8-MX_TIM8_Init-TIM8-false-HAL-true,9-MX_SPI1_Init-SPI1-false-HAL-true,10-MX_ADC1_Init-ADC1-false-HAL-true,11-MX_ADC2_Init-ADC2-false-HAL-true,12-MX_ADC3_Init-ADC3-false-HAL-true,13-MX_FDCAN1_Init-FDCAN1-false-HAL-true,14-MX_TIM2_Init-TIM2-false-HAL-true,15-MX_TIM16_Init-TIM16-false-HAL-true
RCC.ADC12Freq_Value=170000000
RCC.ADC345Freq_Value=170000000
RCC.AHBFreq_Value=170000000
RCC.APB1Freq_Value=170000000
RCC.APB1TimFreq_Value=170000000
RCC.APB2Freq_Value=170000000
RCC.APB2TimFreq_Value=170000000
RCC.CRSFreq_Value=48000000
RCC.CortexFreq_Value=170000000
RCC.EXTERNAL_CLOCK_VALUE=12288000
RCC.EnbaleCSS=true
RCC.FCLKCortexFreq_Value=170000000
RCC.FDCANFreq_Value=170000000
RCC.FamilyName=M
RCC.HCLKFreq_Value=170000000
RCC.HRTIM1Freq_Value=170000000
RCC.HSE_VALUE=32000000
RCC.HSI48_VALUE=48000000
RCC.HSI_VALUE=16000000
RCC.I2C1Freq_Value=170000000
RCC.I2C2Freq_Value=170000000
RCC.I2C3Freq_Value=170000000
RCC.I2C4Freq_Value=170000000
RCC.I2SFreq_Value=170000000
RCC.IPParameters=ADC12Freq_Value,ADC345Freq_Value,AHBFreq_Value,APB1Freq_Value,APB1TimFreq_Value,APB2Freq_Value,APB2TimFreq_Value,CRSFreq_Value,CortexFreq_Value,EXTERNAL_CLOCK_VALUE,EnbaleCSS,FCLKCortexFreq_Value,FDCANFreq_Value,FamilyName,HCLKFreq_Value,HRTIM1Freq_Value,HSE_VALUE,HSI48_VALUE,HSI_VALUE,I2C1Freq_Value,I2C2Freq_Value,I2C3Freq_Value,I2C4Freq_Value,I2SFreq_Value,LPTIM1Freq_Value,LPUART1Freq_Value,LSCOPinFreq_Value,LSE_VALUE,LSI_VALUE,MCO1PinFreq_Value,PLLM,PLLN,PLLPoutputFreq_Value,PLLQ,PLLQoutputFreq_Value,PLLRCLKFreq_Value,PLLSourceVirtual,PWRFreq_Value,QSPIFreq_Value,RNGFreq_Value,SAI1Freq_Value,SYSCLKFreq_VALUE,SYSCLKSource,USART1Freq_Value,USART2Freq_Value,USART3Freq_Value,USBFreq_Value,VCOInputFreq_Value,VCOOutputFreq_Value
RCC.LPTIM1Freq_Value=170000000
RCC.LPUART1Freq_Value=170000000
RCC.LSCOPinFreq_Value=32000
RCC.LSE_VALUE=32768
RCC.LSI_VALUE=32000
RCC.MCO1PinFreq_Value=16000000
RCC.PLLM=RCC_PLLM_DIV8
RCC.PLLN=85
RCC.PLLPoutputFreq_Value=170000000
RCC.PLLQ=RCC_PLLQ_DIV4
RCC.PLLQoutputFreq_Value=85000000
RCC.PLLRCLKFreq_Value=170000000
RCC.PLLSourceVirtual=RCC_PLLSOURCE_HSE
RCC.PWRFreq_Value=170000000
RCC.QSPIFreq_Value=170000000
RCC.RNGFreq_Value=85000000
RCC.SAI1Freq_Value=170000000
RCC.SYSCLKFreq_VALUE=170000000
RCC.SYSCLKSource=RCC_SYSCLKSOURCE_PLLCLK
RCC.USART1Freq_Value=170000000
RCC.USART2Freq_Value=170000000
RCC.USART3Freq_Value=170000000
RCC.USBFreq_Value=85000000
RCC.VCOInputFreq_Value=4000000
RCC.VCOOutputFreq_Value=340000000
SH.S_TIM1_CH1.0=TIM1_CH1,PWM Generation1 CH1 CH1N
SH.S_TIM1_CH1.ConfNb=1
SH.S_TIM1_CH2.0=TIM1_CH2,PWM Generation2 CH2 CH2N
SH.S_TIM1_CH2.ConfNb=1
SH.S_TIM1_CH3.0=TIM1_CH3,PWM Generation3 CH3 CH3N
SH.S_TIM1_CH3.ConfNb=1
SH.S_TIM8_CH1.0=TIM8_CH1,PWM Generation1 CH1 CH1N
SH.S_TIM8_CH1.ConfNb=1
SH.S_TIM8_CH2.0=TIM8_CH2,PWM Generation2 CH2 CH2N
SH.S_TIM8_CH2.ConfNb=1
SH.S_TIM8_CH3.0=TIM8_CH3,PWM Generation3 CH3 CH3N
SH.S_TIM8_CH3.ConfNb=1
SPI1.BaudRatePrescaler=SPI_BAUDRATEPRESCALER_32
SPI1.CLKPhase=SPI_PHASE_2EDGE
SPI1.CLKPolarity=SPI_POLARITY_HIGH
SPI1.CalculateBaudRate=5.3125 MBits/s
SPI1.DataSize=SPI_DATASIZE_16BIT
SPI1.Direction=SPI_DIRECTION_2LINES
SPI1.IPParameters=VirtualType,Mode,Direction,BaudRatePrescaler,CalculateBaudRate,DataSize,CLKPolarity,CLKPhase
SPI1.Mode=SPI_MODE_MASTER
SPI1.VirtualType=VM_MASTER
TIM1.Channel-PWM\ Generation1\ CH1\ CH1N=TIM_CHANNEL_1
TIM1.Channel-PWM\ Generation2\ CH2\ CH2N=TIM_CHANNEL_2
TIM1.Channel-PWM\ Generation3\ CH3\ CH3N=TIM_CHANNEL_3
TIM1.CounterMode=TIM_COUNTERMODE_CENTERALIGNED3
TIM1.DeadTime=TIM_1_8_DEADTIME_CLOCKS
TIM1.IPParameters=TIM_MasterOutputTrigger,Channel-PWM Generation1 CH1 CH1N,Channel-PWM Generation2 CH2 CH2N,Channel-PWM Generation3 CH3 CH3N,PeriodNoDither,RepetitionCounter,CounterMode,OffStateRunMode,OffStateIDLEMode,OCMode_PWM-PWM Generation1 CH1 CH1N,OCMode_PWM-PWM Generation2 CH2 CH2N,OCMode_PWM-PWM Generation3 CH3 CH3N,DeadTime
TIM1.OCMode_PWM-PWM\ Generation1\ CH1\ CH1N=TIM_OCMODE_PWM2
TIM1.OCMode_PWM-PWM\ Generation2\ CH2\ CH2N=TIM_OCMODE_PWM2
TIM1.OCMode_PWM-PWM\ Generation3\ CH3\ CH3N=TIM_OCMODE_PWM2
TIM1.OffStateIDLEMode=TIM_OSSI_ENABLE
TIM1.OffStateRunMode=TIM_OSSR_ENABLE
TIM1.PeriodNoDither=TIM_1_8_PERIOD_CLOCKS
TIM1.RepetitionCounter=TIM_1_8_RCR
TIM1.TIM_MasterOutputTrigger=TIM_TRGO_UPDATE
TIM16.IPParameters=PeriodNoDither
TIM16.PeriodNoDither=(2 * TIM_1_8_PERIOD_CLOCKS * (TIM_1_8_RCR+1))
TIM2.IPParameters=PeriodNoDither
TIM2.PeriodNoDither=TIM_2_PERIOD_CLOCKS
TIM8.Channel-PWM\ Generation1\ CH1\ CH1N=TIM_CHANNEL_1
TIM8.Channel-PWM\ Generation2\ CH2\ CH2N=TIM_CHANNEL_2
TIM8.Channel-PWM\ Generation3\ CH3\ CH3N=TIM_CHANNEL_3
TIM8.CounterMode=TIM_COUNTERMODE_CENTERALIGNED3
TIM8.DeadTime=TIM_1_8_DEADTIME_CLOCKS
TIM8.DeadTimePreload=ENABLE
TIM8.IPParameters=Channel-PWM Generation1 CH1 CH1N,Channel-PWM Generation2 CH2 CH2N,Channel-PWM Generation3 CH3 CH3N,TIM_MasterOutputTrigger,CounterMode,PeriodNoDither,RepetitionCounter,OffStateRunMode,OffStateIDLEMode,DeadTimePreload,DeadTime,OCMode_PWM-PWM Generation1 CH1 CH1N,OCMode_PWM-PWM Generation2 CH2 CH2N,OCMode_PWM-PWM Generation3 CH3 CH3N
TIM8.OCMode_PWM-PWM\ Generation1\ CH1\ CH1N=TIM_OCMODE_PWM2
TIM8.OCMode_PWM-PWM\ Generation2\ CH2\ CH2N=TIM_OCMODE_PWM2
TIM8.OCMode_PWM-PWM\ Generation3\ CH3\ CH3N=TIM_OCMODE_PWM2
TIM8.OffStateIDLEMode=TIM_OSSI_ENABLE
TIM8.OffStateRunMode=TIM_OSSR_ENABLE
TIM8.PeriodNoDither=TIM_1_8_PERIOD_CLOCKS
TIM8.RepetitionCounter=TIM_1_8_RCR
TIM8.TIM_MasterOutputTrigger=TIM_TRGO_UPDATE
VP_CORDIC_VS_CORDIC.Mode=CORDIC_Activate
VP_CORDIC_VS_CORDIC.Signal=CORDIC_VS_CORDIC
VP_CRC_VS_CRC.Mode=CRC_Activate
VP_CRC_VS_CRC.Signal=CRC_VS_CRC
VP_FREERTOS_VS_CMSIS_V1.Mode=CMSIS_V1
VP_FREERTOS_VS_CMSIS_V1.Signal=FREERTOS_VS_CMSIS_V1
VP_SYS_VS_DBSignals.Mode=DisableDeadBatterySignals
VP_SYS_VS_DBSignals.Signal=SYS_VS_DBSignals
VP_SYS_VS_tim17.Mode=TIM17
VP_SYS_VS_tim17.Signal=SYS_VS_tim17
VP_TIM16_VS_ClockSourceINT.Mode=Enable_Timer
VP_TIM16_VS_ClockSourceINT.Signal=TIM16_VS_ClockSourceINT
VP_TIM1_VS_ClockSourceINT.Mode=Internal
VP_TIM1_VS_ClockSourceINT.Signal=TIM1_VS_ClockSourceINT
VP_TIM2_VS_ClockSourceINT.Mode=Internal
VP_TIM2_VS_ClockSourceINT.Signal=TIM2_VS_ClockSourceINT
VP_TIM8_VS_ClockSourceINT.Mode=Internal
VP_TIM8_VS_ClockSourceINT.Signal=TIM8_VS_ClockSourceINT
board=custom
rtos.0.ip=FREERTOS
